
Microsoft Visual Studio Solution File, Format Version 12.00
# Visual Studio Version 17
VisualStudioVersion = 17.14.36401.2
MinimumVisualStudioVersion = 10.0.40219.1
Project("{FAE04EC0-301F-11D3-BF4B-00C04F79EFBC}") = "ExamenPOOAgosto2025Alt.Entidades", "ExamenPOOAgosto2025Alt.Entidades\ExamenPOOAgosto2025Alt.Entidades.csproj", "{4501DE50-9DC5-4B4F-B62A-08780FD7ED1B}"
EndProject
Project("{FAE04EC0-301F-11D3-BF4B-00C04F79EFBC}") = "ExamenPOOAgosto2025Alt.Datos", "ExamenPOOAgosto2025Alt.Datos\ExamenPOOAgosto2025Alt.Datos.csproj", "{FC41E9F2-3F9A-4EDD-B5B4-8A05D65BBE8B}"
EndProject
Project("{FAE04EC0-301F-11D3-BF4B-00C04F79EFBC}") = "ExamenPOOAgosto2025Alt.Consola", "ExamenPOOAgosto2025Alt.Consola\ExamenPOOAgosto2025Alt.Consola.csproj", "{DA89F7C9-AF02-4778-956D-C4618A6E2364}"
EndProject
Project("{FAE04EC0-301F-11D3-BF4B-00C04F79EFBC}") = "ExamenPOOAgosto2025Alt.Windows", "ExamenPOOAgosto2025Alt.Windows\ExamenPOOAgosto2025Alt.Windows.csproj", "{FB104FDC-3C98-4057-9561-A6F974F0567A}"
EndProject
Project("{FAE04EC0-301F-11D3-BF4B-00C04F79EFBC}") = "ExamenPOOAgosto2025Alt.Ioc", "ExamenPOOAgosto2025Alt.Ioc\ExamenPOOAgosto2025Alt.Ioc.csproj", "{C69C261F-C83B-401C-8593-B0FF9E996EC9}"
EndProject
Global
	GlobalSection(SolutionConfigurationPlatforms) = preSolution
		Debug|Any CPU = Debug|Any CPU
		Release|Any CPU = Release|Any CPU
	EndGlobalSection
	GlobalSection(ProjectConfigurationPlatforms) = postSolution
		{4501DE50-9DC5-4B4F-B62A-08780FD7ED1B}.Debug|Any CPU.ActiveCfg = Debug|Any CPU
		{4501DE50-9DC5-4B4F-B62A-08780FD7ED1B}.Debug|Any CPU.Build.0 = Debug|Any CPU
		{4501DE50-9DC5-4B4F-B62A-08780FD7ED1B}.Release|Any CPU.ActiveCfg = Release|Any CPU
		{4501DE50-9DC5-4B4F-B62A-08780FD7ED1B}.Release|Any CPU.Build.0 = Release|Any CPU
		{FC41E9F2-3F9A-4EDD-B5B4-8A05D65BBE8B}.Debug|Any CPU.ActiveCfg = Debug|Any CPU
		{FC41E9F2-3F9A-4EDD-B5B4-8A05D65BBE8B}.Debug|Any CPU.Build.0 = Debug|Any CPU
		{FC41E9F2-3F9A-4EDD-B5B4-8A05D65BBE8B}.Release|Any CPU.ActiveCfg = Release|Any CPU
		{FC41E9F2-3F9A-4EDD-B5B4-8A05D65BBE8B}.Release|Any CPU.Build.0 = Release|Any CPU
		{DA89F7C9-AF02-4778-956D-C4618A6E2364}.Debug|Any CPU.ActiveCfg = Debug|Any CPU
		{DA89F7C9-AF02-4778-956D-C4618A6E2364}.Debug|Any CPU.Build.0 = Debug|Any CPU
		{DA89F7C9-AF02-4778-956D-C4618A6E2364}.Release|Any CPU.ActiveCfg = Release|Any CPU
		{DA89F7C9-AF02-4778-956D-C4618A6E2364}.Release|Any CPU.Build.0 = Release|Any CPU
		{FB104FDC-3C98-4057-9561-A6F974F0567A}.Debug|Any CPU.ActiveCfg = Debug|Any CPU
		{FB104FDC-3C98-4057-9561-A6F974F0567A}.Debug|Any CPU.Build.0 = Debug|Any CPU
		{FB104FDC-3C98-4057-9561-A6F974F0567A}.Release|Any CPU.ActiveCfg = Release|Any CPU
		{FB104FDC-3C98-4057-9561-A6F974F0567A}.Release|Any CPU.Build.0 = Release|Any CPU
		{C69C261F-C83B-401C-8593-B0FF9E996EC9}.Debug|Any CPU.ActiveCfg = Debug|Any CPU
		{C69C261F-C83B-401C-8593-B0FF9E996EC9}.Debug|Any CPU.Build.0 = Debug|Any CPU
		{C69C261F-C83B-401C-8593-B0FF9E996EC9}.Release|Any CPU.ActiveCfg = Release|Any CPU
		{C69C261F-C83B-401C-8593-B0FF9E996EC9}.Release|Any CPU.Build.0 = Release|Any CPU
	EndGlobalSection
	GlobalSection(SolutionProperties) = preSolution
		HideSolutionNode = FALSE
	EndGlobalSection
	GlobalSection(ExtensibilityGlobals) = postSolution
		SolutionGuid = {F7532F1A-E29D-43BE-B29E-4604D768393A}
	EndGlobalSection
EndGlobal
